
Microsoft Visual Studio Solution File, Format Version 12.00
# Visual Studio 14
VisualStudioVersion = 14.0.25420.1
MinimumVisualStudioVersion = 10.0.40219.1
Project("{FAE04EC0-301F-11D3-BF4B-00C04F79EFBC}") = "RMarket.ClassLib", "RMarket.ClassLib\RMarket.ClassLib.csproj", "{81D41883-898D-484E-BFE5-793DD82221BE}"
EndProject
Project("{FAE04EC0-301F-11D3-BF4B-00C04F79EFBC}") = "RMarket.UnitTests", "RMarket.UnitTests\RMarket.UnitTests.csproj", "{4659AAC9-1F7F-4A76-B236-B1C7B5EA7355}"
EndProject
Project("{FAE04EC0-301F-11D3-BF4B-00C04F79EFBC}") = "RMarket.WebUI", "RMarket.WebUI\RMarket.WebUI.csproj", "{ACCC98D6-B703-4AD7-9608-D423C8AC2A4D}"
EndProject
Project("{FAE04EC0-301F-11D3-BF4B-00C04F79EFBC}") = "RMarket.DataAccess", "RMarket.DataAccess\RMarket.DataAccess.csproj", "{24E90E86-96B8-4A0F-92BF-FADBF8920516}"
EndProject
Project("{FAE04EC0-301F-11D3-BF4B-00C04F79EFBC}") = "RMarket.CompositionRoot", "RMarket.CompositionRoot\RMarket.CompositionRoot.csproj", "{20BF8017-20FA-4CBD-AAA5-4248C4339DCB}"
EndProject
Project("{2150E333-8FDC-42A3-9474-1A3956D46DE8}") = "Concrete", "Concrete", "{A9E61DF9-9584-4179-8F67-A5B3728F9668}"
EndProject
Project("{FAE04EC0-301F-11D3-BF4B-00C04F79EFBC}") = "RMarket.Concrete.DataProviders", "RMarket.Concrete.DataProviders\RMarket.Concrete.DataProviders.csproj", "{25ABDD46-B86C-4D31-A114-6BBF1AFA893D}"
EndProject
Project("{FAE04EC0-301F-11D3-BF4B-00C04F79EFBC}") = "RMarket.Concrete.HistoricalProviders", "RMarket.Concrete.HistoricalProviders\RMarket.Concrete.HistoricalProviders.csproj", "{F05B63E0-0951-4C3D-BE78-7F4D613E3672}"
EndProject
Project("{FAE04EC0-301F-11D3-BF4B-00C04F79EFBC}") = "RMarket.Concrete.Indicators", "RMarket.Concrete.Indicators\RMarket.Concrete.Indicators.csproj", "{C3FADECD-49FE-4484-AC55-40E0E8BC16D3}"
EndProject
Project("{FAE04EC0-301F-11D3-BF4B-00C04F79EFBC}") = "RMarket.Concrete.Strategies", "RMarket.Concrete.Strategies\RMarket.Concrete.Strategies.csproj", "{6C5E21D9-E1D7-41AD-B838-C452D552B22A}"
EndProject
Project("{FAE04EC0-301F-11D3-BF4B-00C04F79EFBC}") = "RMarket.Concrete.Optimization", "RMarket.Concrete.Optimization\RMarket.Concrete.Optimization.csproj", "{D327FEEA-38B7-4DEB-BA83-C92197A44C6F}"
EndProject
Global
	GlobalSection(SolutionConfigurationPlatforms) = preSolution
		Debug|Any CPU = Debug|Any CPU
		Release|Any CPU = Release|Any CPU
	EndGlobalSection
	GlobalSection(ProjectConfigurationPlatforms) = postSolution
		{81D41883-898D-484E-BFE5-793DD82221BE}.Debug|Any CPU.ActiveCfg = Debug|Any CPU
		{81D41883-898D-484E-BFE5-793DD82221BE}.Debug|Any CPU.Build.0 = Debug|Any CPU
		{81D41883-898D-484E-BFE5-793DD82221BE}.Release|Any CPU.ActiveCfg = Release|Any CPU
		{81D41883-898D-484E-BFE5-793DD82221BE}.Release|Any CPU.Build.0 = Release|Any CPU
		{4659AAC9-1F7F-4A76-B236-B1C7B5EA7355}.Debug|Any CPU.ActiveCfg = Debug|Any CPU
		{4659AAC9-1F7F-4A76-B236-B1C7B5EA7355}.Debug|Any CPU.Build.0 = Debug|Any CPU
		{4659AAC9-1F7F-4A76-B236-B1C7B5EA7355}.Release|Any CPU.ActiveCfg = Release|Any CPU
		{4659AAC9-1F7F-4A76-B236-B1C7B5EA7355}.Release|Any CPU.Build.0 = Release|Any CPU
		{ACCC98D6-B703-4AD7-9608-D423C8AC2A4D}.Debug|Any CPU.ActiveCfg = Debug|Any CPU
		{ACCC98D6-B703-4AD7-9608-D423C8AC2A4D}.Debug|Any CPU.Build.0 = Debug|Any CPU
		{ACCC98D6-B703-4AD7-9608-D423C8AC2A4D}.Release|Any CPU.ActiveCfg = Release|Any CPU
		{ACCC98D6-B703-4AD7-9608-D423C8AC2A4D}.Release|Any CPU.Build.0 = Release|Any CPU
		{24E90E86-96B8-4A0F-92BF-FADBF8920516}.Debug|Any CPU.ActiveCfg = Debug|Any CPU
		{24E90E86-96B8-4A0F-92BF-FADBF8920516}.Debug|Any CPU.Build.0 = Debug|Any CPU
		{24E90E86-96B8-4A0F-92BF-FADBF8920516}.Release|Any CPU.ActiveCfg = Release|Any CPU
		{24E90E86-96B8-4A0F-92BF-FADBF8920516}.Release|Any CPU.Build.0 = Release|Any CPU
		{20BF8017-20FA-4CBD-AAA5-4248C4339DCB}.Debug|Any CPU.ActiveCfg = Debug|Any CPU
		{20BF8017-20FA-4CBD-AAA5-4248C4339DCB}.Debug|Any CPU.Build.0 = Debug|Any CPU
		{20BF8017-20FA-4CBD-AAA5-4248C4339DCB}.Release|Any CPU.ActiveCfg = Release|Any CPU
		{20BF8017-20FA-4CBD-AAA5-4248C4339DCB}.Release|Any CPU.Build.0 = Release|Any CPU
		{25ABDD46-B86C-4D31-A114-6BBF1AFA893D}.Debug|Any CPU.ActiveCfg = Debug|Any CPU
		{25ABDD46-B86C-4D31-A114-6BBF1AFA893D}.Debug|Any CPU.Build.0 = Debug|Any CPU
		{25ABDD46-B86C-4D31-A114-6BBF1AFA893D}.Release|Any CPU.ActiveCfg = Release|Any CPU
		{25ABDD46-B86C-4D31-A114-6BBF1AFA893D}.Release|Any CPU.Build.0 = Release|Any CPU
		{F05B63E0-0951-4C3D-BE78-7F4D613E3672}.Debug|Any CPU.ActiveCfg = Debug|Any CPU
		{F05B63E0-0951-4C3D-BE78-7F4D613E3672}.Debug|Any CPU.Build.0 = Debug|Any CPU
		{F05B63E0-0951-4C3D-BE78-7F4D613E3672}.Release|Any CPU.ActiveCfg = Release|Any CPU
		{F05B63E0-0951-4C3D-BE78-7F4D613E3672}.Release|Any CPU.Build.0 = Release|Any CPU
		{C3FADECD-49FE-4484-AC55-40E0E8BC16D3}.Debug|Any CPU.ActiveCfg = Debug|Any CPU
		{C3FADECD-49FE-4484-AC55-40E0E8BC16D3}.Debug|Any CPU.Build.0 = Debug|Any CPU
		{C3FADECD-49FE-4484-AC55-40E0E8BC16D3}.Release|Any CPU.ActiveCfg = Release|Any CPU
		{C3FADECD-49FE-4484-AC55-40E0E8BC16D3}.Release|Any CPU.Build.0 = Release|Any CPU
		{6C5E21D9-E1D7-41AD-B838-C452D552B22A}.Debug|Any CPU.ActiveCfg = Debug|Any CPU
		{6C5E21D9-E1D7-41AD-B838-C452D552B22A}.Debug|Any CPU.Build.0 = Debug|Any CPU
		{6C5E21D9-E1D7-41AD-B838-C452D552B22A}.Release|Any CPU.ActiveCfg = Release|Any CPU
		{6C5E21D9-E1D7-41AD-B838-C452D552B22A}.Release|Any CPU.Build.0 = Release|Any CPU
		{D327FEEA-38B7-4DEB-BA83-C92197A44C6F}.Debug|Any CPU.ActiveCfg = Debug|Any CPU
		{D327FEEA-38B7-4DEB-BA83-C92197A44C6F}.Debug|Any CPU.Build.0 = Debug|Any CPU
		{D327FEEA-38B7-4DEB-BA83-C92197A44C6F}.Release|Any CPU.ActiveCfg = Release|Any CPU
		{D327FEEA-38B7-4DEB-BA83-C92197A44C6F}.Release|Any CPU.Build.0 = Release|Any CPU
	EndGlobalSection
	GlobalSection(SolutionProperties) = preSolution
		HideSolutionNode = FALSE
	EndGlobalSection
	GlobalSection(NestedProjects) = preSolution
		{25ABDD46-B86C-4D31-A114-6BBF1AFA893D} = {A9E61DF9-9584-4179-8F67-A5B3728F9668}
		{F05B63E0-0951-4C3D-BE78-7F4D613E3672} = {A9E61DF9-9584-4179-8F67-A5B3728F9668}
		{C3FADECD-49FE-4484-AC55-40E0E8BC16D3} = {A9E61DF9-9584-4179-8F67-A5B3728F9668}
		{6C5E21D9-E1D7-41AD-B838-C452D552B22A} = {A9E61DF9-9584-4179-8F67-A5B3728F9668}
		{D327FEEA-38B7-4DEB-BA83-C92197A44C6F} = {A9E61DF9-9584-4179-8F67-A5B3728F9668}
	EndGlobalSection
	GlobalSection(ExtensibilityGlobals) = postSolution
		VisualSVNWorkingCopyRoot = .
	EndGlobalSection
EndGlobal
