
Microsoft Visual Studio Solution File, Format Version 12.00
# Visual Studio 14
VisualStudioVersion = 14.0.25123.0
MinimumVisualStudioVersion = 10.0.40219.1
Project("{FAE04EC0-301F-11D3-BF4B-00C04F79EFBC}") = "RMarket.ClassLib", "RMarket.ClassLib\RMarket.ClassLib.csproj", "{81D41883-898D-484E-BFE5-793DD82221BE}"
EndProject
Project("{FAE04EC0-301F-11D3-BF4B-00C04F79EFBC}") = "RMarket.UnitTests", "RMarket.UnitTests\RMarket.UnitTests.csproj", "{4659AAC9-1F7F-4A76-B236-B1C7B5EA7355}"
EndProject
Project("{FAE04EC0-301F-11D3-BF4B-00C04F79EFBC}") = "RMarket.WebUI", "RMarket.WebUI\RMarket.WebUI.csproj", "{ACCC98D6-B703-4AD7-9608-D423C8AC2A4D}"
EndProject
Project("{FAE04EC0-301F-11D3-BF4B-00C04F79EFBC}") = "RMarket.Examples", "RMarket.Examples\RMarket.Examples.csproj", "{8293BAA1-615F-4E86-ADC0-19F0B6AFE850}"
EndProject
Project("{FAE04EC0-301F-11D3-BF4B-00C04F79EFBC}") = "RMarket.DataAccess", "RMarket.DataAccess\RMarket.DataAccess.csproj", "{24E90E86-96B8-4A0F-92BF-FADBF8920516}"
EndProject
Project("{FAE04EC0-301F-11D3-BF4B-00C04F79EFBC}") = "RMarket.CompositionRoot", "RMarket.CompositionRoot\RMarket.CompositionRoot.csproj", "{20BF8017-20FA-4CBD-AAA5-4248C4339DCB}"
EndProject
Global
	GlobalSection(SolutionConfigurationPlatforms) = preSolution
		Debug|Any CPU = Debug|Any CPU
		Release|Any CPU = Release|Any CPU
	EndGlobalSection
	GlobalSection(ProjectConfigurationPlatforms) = postSolution
		{81D41883-898D-484E-BFE5-793DD82221BE}.Debug|Any CPU.ActiveCfg = Debug|Any CPU
		{81D41883-898D-484E-BFE5-793DD82221BE}.Debug|Any CPU.Build.0 = Debug|Any CPU
		{81D41883-898D-484E-BFE5-793DD82221BE}.Release|Any CPU.ActiveCfg = Release|Any CPU
		{81D41883-898D-484E-BFE5-793DD82221BE}.Release|Any CPU.Build.0 = Release|Any CPU
		{4659AAC9-1F7F-4A76-B236-B1C7B5EA7355}.Debug|Any CPU.ActiveCfg = Debug|Any CPU
		{4659AAC9-1F7F-4A76-B236-B1C7B5EA7355}.Debug|Any CPU.Build.0 = Debug|Any CPU
		{4659AAC9-1F7F-4A76-B236-B1C7B5EA7355}.Release|Any CPU.ActiveCfg = Release|Any CPU
		{4659AAC9-1F7F-4A76-B236-B1C7B5EA7355}.Release|Any CPU.Build.0 = Release|Any CPU
		{ACCC98D6-B703-4AD7-9608-D423C8AC2A4D}.Debug|Any CPU.ActiveCfg = Debug|Any CPU
		{ACCC98D6-B703-4AD7-9608-D423C8AC2A4D}.Debug|Any CPU.Build.0 = Debug|Any CPU
		{ACCC98D6-B703-4AD7-9608-D423C8AC2A4D}.Release|Any CPU.ActiveCfg = Release|Any CPU
		{ACCC98D6-B703-4AD7-9608-D423C8AC2A4D}.Release|Any CPU.Build.0 = Release|Any CPU
		{8293BAA1-615F-4E86-ADC0-19F0B6AFE850}.Debug|Any CPU.ActiveCfg = Debug|Any CPU
		{8293BAA1-615F-4E86-ADC0-19F0B6AFE850}.Debug|Any CPU.Build.0 = Debug|Any CPU
		{8293BAA1-615F-4E86-ADC0-19F0B6AFE850}.Release|Any CPU.ActiveCfg = Release|Any CPU
		{8293BAA1-615F-4E86-ADC0-19F0B6AFE850}.Release|Any CPU.Build.0 = Release|Any CPU
		{24E90E86-96B8-4A0F-92BF-FADBF8920516}.Debug|Any CPU.ActiveCfg = Debug|Any CPU
		{24E90E86-96B8-4A0F-92BF-FADBF8920516}.Debug|Any CPU.Build.0 = Debug|Any CPU
		{24E90E86-96B8-4A0F-92BF-FADBF8920516}.Release|Any CPU.ActiveCfg = Release|Any CPU
		{24E90E86-96B8-4A0F-92BF-FADBF8920516}.Release|Any CPU.Build.0 = Release|Any CPU
		{20BF8017-20FA-4CBD-AAA5-4248C4339DCB}.Debug|Any CPU.ActiveCfg = Debug|Any CPU
		{20BF8017-20FA-4CBD-AAA5-4248C4339DCB}.Debug|Any CPU.Build.0 = Debug|Any CPU
		{20BF8017-20FA-4CBD-AAA5-4248C4339DCB}.Release|Any CPU.ActiveCfg = Release|Any CPU
		{20BF8017-20FA-4CBD-AAA5-4248C4339DCB}.Release|Any CPU.Build.0 = Release|Any CPU
	EndGlobalSection
	GlobalSection(SolutionProperties) = preSolution
		HideSolutionNode = FALSE
	EndGlobalSection
	GlobalSection(ExtensibilityGlobals) = postSolution
		VisualSVNWorkingCopyRoot = .
	EndGlobalSection
EndGlobal
